
Microsoft Visual Studio Solution File, Format Version 11.00
# Visual Studio 2010
Project("{FAE04EC0-301F-11D3-BF4B-00C04F79EFBC}") = "Assembly-CSharp", "Assembly-CSharp.csproj", "{EDCADA7B-0AF7-57F8-9E79-5EA0F18F2B1A}"
EndProject
Global
	GlobalSection(SolutionConfigurationPlatforms) = preSolution
		Debug|Any CPU = Debug|Any CPU
		Release|Any CPU = Release|Any CPU
	EndGlobalSection
	GlobalSection(ProjectConfigurationPlatforms) = postSolution
		{EDCADA7B-0AF7-57F8-9E79-5EA0F18F2B1A}.Debug|Any CPU.ActiveCfg = Debug|Any CPU
		{EDCADA7B-0AF7-57F8-9E79-5EA0F18F2B1A}.Debug|Any CPU.Build.0 = Debug|Any CPU
		{EDCADA7B-0AF7-57F8-9E79-5EA0F18F2B1A}.Release|Any CPU.ActiveCfg = Release|Any CPU
		{EDCADA7B-0AF7-57F8-9E79-5EA0F18F2B1A}.Release|Any CPU.Build.0 = Release|Any CPU
	EndGlobalSection
	GlobalSection(SolutionProperties) = preSolution
		HideSolutionNode = FALSE
	EndGlobalSection
EndGlobal
